// !$*UTF8*$!
{
	archiveVersion = 1;
	classes = {
	};
	objectVersion = 56;
	objects = {

/* Begin PBXBuildFile section */
		C9559B422B51F00800AF00F5 /* RectangularBackgroundDemoApp.swift in Sources */ = {isa = PBXBuildFile; fileRef = C9559B412B51F00800AF00F5 /* RectangularBackgroundDemoApp.swift */; };
		C9559B442B51F00800AF00F5 /* ContentView.swift in Sources */ = {isa = PBXBuildFile; fileRef = C9559B432B51F00800AF00F5 /* ContentView.swift */; };
		C9559B462B51F00E00AF00F5 /* Assets.xcassets in Resources */ = {isa = PBXBuildFile; fileRef = C9559B452B51F00E00AF00F5 /* Assets.xcassets */; };
		C9559B4A2B51F00E00AF00F5 /* Preview Assets.xcassets in Resources */ = {isa = PBXBuildFile; fileRef = C9559B492B51F00E00AF00F5 /* Preview Assets.xcassets */; };
		C9559B542B51F00F00AF00F5 /* RectangularBackgroundDemoTests.swift in Sources */ = {isa = PBXBuildFile; fileRef = C9559B532B51F00F00AF00F5 /* RectangularBackgroundDemoTests.swift */; };
		C9559B5E2B51F00F00AF00F5 /* RectangularBackgroundDemoUITests.swift in Sources */ = {isa = PBXBuildFile; fileRef = C9559B5D2B51F00F00AF00F5 /* RectangularBackgroundDemoUITests.swift */; };
		C9559B602B51F00F00AF00F5 /* RectangularBackgroundDemoUITestsLaunchTests.swift in Sources */ = {isa = PBXBuildFile; fileRef = C9559B5F2B51F00F00AF00F5 /* RectangularBackgroundDemoUITestsLaunchTests.swift */; };
/* End PBXBuildFile section */

/* Begin PBXContainerItemProxy section */
		C9559B502B51F00F00AF00F5 /* PBXContainerItemProxy */ = {
			isa = PBXContainerItemProxy;
			containerPortal = C9559B362B51F00800AF00F5 /* Project object */;
			proxyType = 1;
			remoteGlobalIDString = C9559B3D2B51F00800AF00F5;
			remoteInfo = RectangularBackgroundDemo;
		};
		C9559B5A2B51F00F00AF00F5 /* PBXContainerItemProxy */ = {
			isa = PBXContainerItemProxy;
			containerPortal = C9559B362B51F00800AF00F5 /* Project object */;
			proxyType = 1;
			remoteGlobalIDString = C9559B3D2B51F00800AF00F5;
			remoteInfo = RectangularBackgroundDemo;
		};
/* End PBXContainerItemProxy section */

/* Begin PBXFileReference section */
		C9559B3E2B51F00800AF00F5 /* RectangularBackgroundDemo.app */ = {isa = PBXFileReference; explicitFileType = wrapper.application; includeInIndex = 0; path = RectangularBackgroundDemo.app; sourceTree = BUILT_PRODUCTS_DIR; };
		C9559B412B51F00800AF00F5 /* RectangularBackgroundDemoApp.swift */ = {isa = PBXFileReference; lastKnownFileType = sourcecode.swift; path = RectangularBackgroundDemoApp.swift; sourceTree = "<group>"; };
		C9559B432B51F00800AF00F5 /* ContentView.swift */ = {isa = PBXFileReference; lastKnownFileType = sourcecode.swift; path = ContentView.swift; sourceTree = "<group>"; };
		C9559B452B51F00E00AF00F5 /* Assets.xcassets */ = {isa = PBXFileReference; lastKnownFileType = folder.assetcatalog; path = Assets.xcassets; sourceTree = "<group>"; };
		C9559B472B51F00E00AF00F5 /* RectangularBackgroundDemo.entitlements */ = {isa = PBXFileReference; lastKnownFileType = text.plist.entitlements; path = RectangularBackgroundDemo.entitlements; sourceTree = "<group>"; };
		C9559B492B51F00E00AF00F5 /* Preview Assets.xcassets */ = {isa = PBXFileReference; lastKnownFileType = folder.assetcatalog; path = "Preview Assets.xcassets"; sourceTree = "<group>"; };
		C9559B4F2B51F00F00AF00F5 /* RectangularBackgroundDemoTests.xctest */ = {isa = PBXFileReference; explicitFileType = wrapper.cfbundle; includeInIndex = 0; path = RectangularBackgroundDemoTests.xctest; sourceTree = BUILT_PRODUCTS_DIR; };
		C9559B532B51F00F00AF00F5 /* RectangularBackgroundDemoTests.swift */ = {isa = PBXFileReference; lastKnownFileType = sourcecode.swift; path = RectangularBackgroundDemoTests.swift; sourceTree = "<group>"; };
		C9559B592B51F00F00AF00F5 /* RectangularBackgroundDemoUITests.xctest */ = {isa = PBXFileReference; explicitFileType = wrapper.cfbundle; includeInIndex = 0; path = RectangularBackgroundDemoUITests.xctest; sourceTree = BUILT_PRODUCTS_DIR; };
		C9559B5D2B51F00F00AF00F5 /* RectangularBackgroundDemoUITests.swift */ = {isa = PBXFileReference; lastKnownFileType = sourcecode.swift; path = RectangularBackgroundDemoUITests.swift; sourceTree = "<group>"; };
		C9559B5F2B51F00F00AF00F5 /* RectangularBackgroundDemoUITestsLaunchTests.swift */ = {isa = PBXFileReference; lastKnownFileType = sourcecode.swift; path = RectangularBackgroundDemoUITestsLaunchTests.swift; sourceTree = "<group>"; };
/* End PBXFileReference section */

/* Begin PBXFrameworksBuildPhase section */
		C9559B3B2B51F00800AF00F5 /* Frameworks */ = {
			isa = PBXFrameworksBuildPhase;
			buildActionMask = 2147483647;
			files = (
			);
			runOnlyForDeploymentPostprocessing = 0;
		};
		C9559B4C2B51F00E00AF00F5 /* Frameworks */ = {
			isa = PBXFrameworksBuildPhase;
			buildActionMask = 2147483647;
			files = (
			);
			runOnlyForDeploymentPostprocessing = 0;
		};
		C9559B562B51F00F00AF00F5 /* Frameworks */ = {
			isa = PBXFrameworksBuildPhase;
			buildActionMask = 2147483647;
			files = (
			);
			runOnlyForDeploymentPostprocessing = 0;
		};
/* End PBXFrameworksBuildPhase section */

/* Begin PBXGroup section */
		C9559B352B51F00800AF00F5 = {
			isa = PBXGroup;
			children = (
				C9559B402B51F00800AF00F5 /* RectangularBackgroundDemo */,
				C9559B522B51F00F00AF00F5 /* RectangularBackgroundDemoTests */,
				C9559B5C2B51F00F00AF00F5 /* RectangularBackgroundDemoUITests */,
				C9559B3F2B51F00800AF00F5 /* Products */,
			);
			sourceTree = "<group>";
		};
		C9559B3F2B51F00800AF00F5 /* Products */ = {
			isa = PBXGroup;
			children = (
				C9559B3E2B51F00800AF00F5 /* RectangularBackgroundDemo.app */,
				C9559B4F2B51F00F00AF00F5 /* RectangularBackgroundDemoTests.xctest */,
				C9559B592B51F00F00AF00F5 /* RectangularBackgroundDemoUITests.xctest */,
			);
			name = Products;
			sourceTree = "<group>";
		};
		C9559B402B51F00800AF00F5 /* RectangularBackgroundDemo */ = {
			isa = PBXGroup;
			children = (
				C9559B412B51F00800AF00F5 /* RectangularBackgroundDemoApp.swift */,
				C9559B432B51F00800AF00F5 /* ContentView.swift */,
				C9559B452B51F00E00AF00F5 /* Assets.xcassets */,
				C9559B472B51F00E00AF00F5 /* RectangularBackgroundDemo.entitlements */,
				C9559B482B51F00E00AF00F5 /* Preview Content */,
			);
			path = RectangularBackgroundDemo;
			sourceTree = "<group>";
		};
		C9559B482B51F00E00AF00F5 /* Preview Content */ = {
			isa = PBXGroup;
			children = (
				C9559B492B51F00E00AF00F5 /* Preview Assets.xcassets */,
			);
			path = "Preview Content";
			sourceTree = "<group>";
		};
		C9559B522B51F00F00AF00F5 /* RectangularBackgroundDemoTests */ = {
			isa = PBXGroup;
			children = (
				C9559B532B51F00F00AF00F5 /* RectangularBackgroundDemoTests.swift */,
			);
			path = RectangularBackgroundDemoTests;
			sourceTree = "<group>";
		};
		C9559B5C2B51F00F00AF00F5 /* RectangularBackgroundDemoUITests */ = {
			isa = PBXGroup;
			children = (
				C9559B5D2B51F00F00AF00F5 /* RectangularBackgroundDemoUITests.swift */,
				C9559B5F2B51F00F00AF00F5 /* RectangularBackgroundDemoUITestsLaunchTests.swift */,
			);
			path = RectangularBackgroundDemoUITests;
			sourceTree = "<group>";
		};
/* End PBXGroup section */

/* Begin PBXNativeTarget section */
		C9559B3D2B51F00800AF00F5 /* RectangularBackgroundDemo */ = {
			isa = PBXNativeTarget;
			buildConfigurationList = C9559B632B51F00F00AF00F5 /* Build configuration list for PBXNativeTarget "RectangularBackgroundDemo" */;
			buildPhases = (
				C9559B3A2B51F00800AF00F5 /* Sources */,
				C9559B3B2B51F00800AF00F5 /* Frameworks */,
				C9559B3C2B51F00800AF00F5 /* Resources */,
			);
			buildRules = (
			);
			dependencies = (
			);
			name = RectangularBackgroundDemo;
			productName = RectangularBackgroundDemo;
			productReference = C9559B3E2B51F00800AF00F5 /* RectangularBackgroundDemo.app */;
			productType = "com.apple.product-type.application";
		};
		C9559B4E2B51F00E00AF00F5 /* RectangularBackgroundDemoTests */ = {
			isa = PBXNativeTarget;
			buildConfigurationList = C9559B662B51F00F00AF00F5 /* Build configuration list for PBXNativeTarget "RectangularBackgroundDemoTests" */;
			buildPhases = (
				C9559B4B2B51F00E00AF00F5 /* Sources */,
				C9559B4C2B51F00E00AF00F5 /* Frameworks */,
				C9559B4D2B51F00E00AF00F5 /* Resources */,
			);
			buildRules = (
			);
			dependencies = (
				C9559B512B51F00F00AF00F5 /* PBXTargetDependency */,
			);
			name = RectangularBackgroundDemoTests;
			productName = RectangularBackgroundDemoTests;
			productReference = C9559B4F2B51F00F00AF00F5 /* RectangularBackgroundDemoTests.xctest */;
			productType = "com.apple.product-type.bundle.unit-test";
		};
		C9559B582B51F00F00AF00F5 /* RectangularBackgroundDemoUITests */ = {
			isa = PBXNativeTarget;
			buildConfigurationList = C9559B692B51F00F00AF00F5 /* Build configuration list for PBXNativeTarget "RectangularBackgroundDemoUITests" */;
			buildPhases = (
				C9559B552B51F00F00AF00F5 /* Sources */,
				C9559B562B51F00F00AF00F5 /* Frameworks */,
				C9559B572B51F00F00AF00F5 /* Resources */,
			);
			buildRules = (
			);
			dependencies = (
				C9559B5B2B51F00F00AF00F5 /* PBXTargetDependency */,
			);
			name = RectangularBackgroundDemoUITests;
			productName = RectangularBackgroundDemoUITests;
			productReference = C9559B592B51F00F00AF00F5 /* RectangularBackgroundDemoUITests.xctest */;
			productType = "com.apple.product-type.bundle.ui-testing";
		};
/* End PBXNativeTarget section */

/* Begin PBXProject section */
		C9559B362B51F00800AF00F5 /* Project object */ = {
			isa = PBXProject;
			attributes = {
				BuildIndependentTargetsInParallel = 1;
				LastSwiftUpdateCheck = 1500;
				LastUpgradeCheck = 1500;
				TargetAttributes = {
					C9559B3D2B51F00800AF00F5 = {
						CreatedOnToolsVersion = 15.0;
					};
					C9559B4E2B51F00E00AF00F5 = {
						CreatedOnToolsVersion = 15.0;
						TestTargetID = C9559B3D2B51F00800AF00F5;
					};
					C9559B582B51F00F00AF00F5 = {
						CreatedOnToolsVersion = 15.0;
						TestTargetID = C9559B3D2B51F00800AF00F5;
					};
				};
			};
			buildConfigurationList = C9559B392B51F00800AF00F5 /* Build configuration list for PBXProject "RectangularBackgroundDemo" */;
			compatibilityVersion = "Xcode 14.0";
			developmentRegion = en;
			hasScannedForEncodings = 0;
			knownRegions = (
				en,
				Base,
			);
			mainGroup = C9559B352B51F00800AF00F5;
			productRefGroup = C9559B3F2B51F00800AF00F5 /* Products */;
			projectDirPath = "";
			projectRoot = "";
			targets = (
				C9559B3D2B51F00800AF00F5 /* RectangularBackgroundDemo */,
				C9559B4E2B51F00E00AF00F5 /* RectangularBackgroundDemoTests */,
				C9559B582B51F00F00AF00F5 /* RectangularBackgroundDemoUITests */,
			);
		};
/* End PBXProject section */

/* Begin PBXResourcesBuildPhase section */
		C9559B3C2B51F00800AF00F5 /* Resources */ = {
			isa = PBXResourcesBuildPhase;
			buildActionMask = 2147483647;
			files = (
				C9559B4A2B51F00E00AF00F5 /* Preview Assets.xcassets in Resources */,
				C9559B462B51F00E00AF00F5 /* Assets.xcassets in Resources */,
			);
			runOnlyForDeploymentPostprocessing = 0;
		};
		C9559B4D2B51F00E00AF00F5 /* Resources */ = {
			isa = PBXResourcesBuildPhase;
			buildActionMask = 2147483647;
			files = (
			);
			runOnlyForDeploymentPostprocessing = 0;
		};
		C9559B572B51F00F00AF00F5 /* Resources */ = {
			isa = PBXResourcesBuildPhase;
			buildActionMask = 2147483647;
			files = (
			);
			runOnlyForDeploymentPostprocessing = 0;
		};
/* End PBXResourcesBuildPhase section */

/* Begin PBXSourcesBuildPhase section */
		C9559B3A2B51F00800AF00F5 /* Sources */ = {
			isa = PBXSourcesBuildPhase;
			buildActionMask = 2147483647;
			files = (
				C9559B442B51F00800AF00F5 /* ContentView.swift in Sources */,
				C9559B422B51F00800AF00F5 /* RectangularBackgroundDemoApp.swift in Sources */,
			);
			runOnlyForDeploymentPostprocessing = 0;
		};
		C9559B4B2B51F00E00AF00F5 /* Sources */ = {
			isa = PBXSourcesBuildPhase;
			buildActionMask = 2147483647;
			files = (
				C9559B542B51F00F00AF00F5 /* RectangularBackgroundDemoTests.swift in Sources */,
			);
			runOnlyForDeploymentPostprocessing = 0;
		};
		C9559B552B51F00F00AF00F5 /* Sources */ = {
			isa = PBXSourcesBuildPhase;
			buildActionMask = 2147483647;
			files = (
				C9559B602B51F00F00AF00F5 /* RectangularBackgroundDemoUITestsLaunchTests.swift in Sources */,
				C9559B5E2B51F00F00AF00F5 /* RectangularBackgroundDemoUITests.swift in Sources */,
			);
			runOnlyForDeploymentPostprocessing = 0;
		};
/* End PBXSourcesBuildPhase section */

/* Begin PBXTargetDependency section */
		C9559B512B51F00F00AF00F5 /* PBXTargetDependency */ = {
			isa = PBXTargetDependency;
			target = C9559B3D2B51F00800AF00F5 /* RectangularBackgroundDemo */;
			targetProxy = C9559B502B51F00F00AF00F5 /* PBXContainerItemProxy */;
		};
		C9559B5B2B51F00F00AF00F5 /* PBXTargetDependency */ = {
			isa = PBXTargetDependency;
			target = C9559B3D2B51F00800AF00F5 /* RectangularBackgroundDemo */;
			targetProxy = C9559B5A2B51F00F00AF00F5 /* PBXContainerItemProxy */;
		};
/* End PBXTargetDependency section */

/* Begin XCBuildConfiguration section */
		C9559B612B51F00F00AF00F5 /* Debug */ = {
			isa = XCBuildConfiguration;
			buildSettings = {
				ALWAYS_SEARCH_USER_PATHS = NO;
				ASSETCATALOG_COMPILER_GENERATE_SWIFT_ASSET_SYMBOL_EXTENSIONS = YES;
				CLANG_ANALYZER_NONNULL = YES;
				CLANG_ANALYZER_NUMBER_OBJECT_CONVERSION = YES_AGGRESSIVE;
				CLANG_CXX_LANGUAGE_STANDARD = "gnu++20";
				CLANG_ENABLE_MODULES = YES;
				CLANG_ENABLE_OBJC_ARC = YES;
				CLANG_ENABLE_OBJC_WEAK = YES;
				CLANG_WARN_BLOCK_CAPTURE_AUTORELEASING = YES;
				CLANG_WARN_BOOL_CONVERSION = YES;
				CLANG_WARN_COMMA = YES;
				CLANG_WARN_CONSTANT_CONVERSION = YES;
				CLANG_WARN_DEPRECATED_OBJC_IMPLEMENTATIONS = YES;
				CLANG_WARN_DIRECT_OBJC_ISA_USAGE = YES_ERROR;
				CLANG_WARN_DOCUMENTATION_COMMENTS = YES;
				CLANG_WARN_EMPTY_BODY = YES;
				CLANG_WARN_ENUM_CONVERSION = YES;
				CLANG_WARN_INFINITE_RECURSION = YES;
				CLANG_WARN_INT_CONVERSION = YES;
				CLANG_WARN_NON_LITERAL_NULL_CONVERSION = YES;
				CLANG_WARN_OBJC_IMPLICIT_RETAIN_SELF = YES;
				CLANG_WARN_OBJC_LITERAL_CONVERSION = YES;
				CLANG_WARN_OBJC_ROOT_CLASS = YES_ERROR;
				CLANG_WARN_QUOTED_INCLUDE_IN_FRAMEWORK_HEADER = YES;
				CLANG_WARN_RANGE_LOOP_ANALYSIS = YES;
				CLANG_WARN_STRICT_PROTOTYPES = YES;
				CLANG_WARN_SUSPICIOUS_MOVE = YES;
				CLANG_WARN_UNGUARDED_AVAILABILITY = YES_AGGRESSIVE;
				CLANG_WARN_UNREACHABLE_CODE = YES;
				CLANG_WARN__DUPLICATE_METHOD_MATCH = YES;
				COPY_PHASE_STRIP = NO;
				DEBUG_INFORMATION_FORMAT = dwarf;
				ENABLE_STRICT_OBJC_MSGSEND = YES;
				ENABLE_TESTABILITY = YES;
				ENABLE_USER_SCRIPT_SANDBOXING = YES;
				GCC_C_LANGUAGE_STANDARD = gnu17;
				GCC_DYNAMIC_NO_PIC = NO;
				GCC_NO_COMMON_BLOCKS = YES;
				GCC_OPTIMIZATION_LEVEL = 0;
				GCC_PREPROCESSOR_DEFINITIONS = (
					"DEBUG=1",
					"$(inherited)",
				);
				GCC_WARN_64_TO_32_BIT_CONVERSION = YES;
				GCC_WARN_ABOUT_RETURN_TYPE = YES_ERROR;
				GCC_WARN_UNDECLARED_SELECTOR = YES;
				GCC_WARN_UNINITIALIZED_AUTOS = YES_AGGRESSIVE;
				GCC_WARN_UNUSED_FUNCTION = YES;
				GCC_WARN_UNUSED_VARIABLE = YES;
				LOCALIZATION_PREFERS_STRING_CATALOGS = YES;
				MTL_ENABLE_DEBUG_INFO = INCLUDE_SOURCE;
				MTL_FAST_MATH = YES;
				ONLY_ACTIVE_ARCH = YES;
				SWIFT_ACTIVE_COMPILATION_CONDITIONS = "DEBUG $(inherited)";
				SWIFT_OPTIMIZATION_LEVEL = "-Onone";
			};
			name = Debug;
		};
		C9559B622B51F00F00AF00F5 /* Release */ = {
			isa = XCBuildConfiguration;
			buildSettings = {
				ALWAYS_SEARCH_USER_PATHS = NO;
				ASSETCATALOG_COMPILER_GENERATE_SWIFT_ASSET_SYMBOL_EXTENSIONS = YES;
				CLANG_ANALYZER_NONNULL = YES;
				CLANG_ANALYZER_NUMBER_OBJECT_CONVERSION = YES_AGGRESSIVE;
				CLANG_CXX_LANGUAGE_STANDARD = "gnu++20";
				CLANG_ENABLE_MODULES = YES;
				CLANG_ENABLE_OBJC_ARC = YES;
				CLANG_ENABLE_OBJC_WEAK = YES;
				CLANG_WARN_BLOCK_CAPTURE_AUTORELEASING = YES;
				CLANG_WARN_BOOL_CONVERSION = YES;
				CLANG_WARN_COMMA = YES;
				CLANG_WARN_CONSTANT_CONVERSION = YES;
				CLANG_WARN_DEPRECATED_OBJC_IMPLEMENTATIONS = YES;
				CLANG_WARN_DIRECT_OBJC_ISA_USAGE = YES_ERROR;
				CLANG_WARN_DOCUMENTATION_COMMENTS = YES;
				CLANG_WARN_EMPTY_BODY = YES;
				CLANG_WARN_ENUM_CONVERSION = YES;
				CLANG_WARN_INFINITE_RECURSION = YES;
				CLANG_WARN_INT_CONVERSION = YES;
				CLANG_WARN_NON_LITERAL_NULL_CONVERSION = YES;
				CLANG_WARN_OBJC_IMPLICIT_RETAIN_SELF = YES;
				CLANG_WARN_OBJC_LITERAL_CONVERSION = YES;
				CLANG_WARN_OBJC_ROOT_CLASS = YES_ERROR;
				CLANG_WARN_QUOTED_INCLUDE_IN_FRAMEWORK_HEADER = YES;
				CLANG_WARN_RANGE_LOOP_ANALYSIS = YES;
				CLANG_WARN_STRICT_PROTOTYPES = YES;
				CLANG_WARN_SUSPICIOUS_MOVE = YES;
				CLANG_WARN_UNGUARDED_AVAILABILITY = YES_AGGRESSIVE;
				CLANG_WARN_UNREACHABLE_CODE = YES;
				CLANG_WARN__DUPLICATE_METHOD_MATCH = YES;
				COPY_PHASE_STRIP = NO;
				DEBUG_INFORMATION_FORMAT = "dwarf-with-dsym";
				ENABLE_NS_ASSERTIONS = NO;
				ENABLE_STRICT_OBJC_MSGSEND = YES;
				ENABLE_USER_SCRIPT_SANDBOXING = YES;
				GCC_C_LANGUAGE_STANDARD = gnu17;
				GCC_NO_COMMON_BLOCKS = YES;
				GCC_WARN_64_TO_32_BIT_CONVERSION = YES;
				GCC_WARN_ABOUT_RETURN_TYPE = YES_ERROR;
				GCC_WARN_UNDECLARED_SELECTOR = YES;
				GCC_WARN_UNINITIALIZED_AUTOS = YES_AGGRESSIVE;
				GCC_WARN_UNUSED_FUNCTION = YES;
				GCC_WARN_UNUSED_VARIABLE = YES;
				LOCALIZATION_PREFERS_STRING_CATALOGS = YES;
				MTL_ENABLE_DEBUG_INFO = NO;
				MTL_FAST_MATH = YES;
				SWIFT_COMPILATION_MODE = wholemodule;
			};
			name = Release;
		};
		C9559B642B51F00F00AF00F5 /* Debug */ = {
			isa = XCBuildConfiguration;
			buildSettings = {
				ASSETCATALOG_COMPILER_APPICON_NAME = AppIcon;
				ASSETCATALOG_COMPILER_GLOBAL_ACCENT_COLOR_NAME = AccentColor;
				CODE_SIGN_ENTITLEMENTS = RectangularBackgroundDemo/RectangularBackgroundDemo.entitlements;
				CODE_SIGN_STYLE = Automatic;
				CURRENT_PROJECT_VERSION = 1;
				DEVELOPMENT_ASSET_PATHS = "\"RectangularBackgroundDemo/Preview Content\"";
				DEVELOPMENT_TEAM = LN4JU8GNV7;
				ENABLE_HARDENED_RUNTIME = YES;
				ENABLE_PREVIEWS = YES;
				GENERATE_INFOPLIST_FILE = YES;
				"INFOPLIST_KEY_UIApplicationSceneManifest_Generation[sdk=iphoneos*]" = YES;
				"INFOPLIST_KEY_UIApplicationSceneManifest_Generation[sdk=iphonesimulator*]" = YES;
				"INFOPLIST_KEY_UIApplicationSupportsIndirectInputEvents[sdk=iphoneos*]" = YES;
				"INFOPLIST_KEY_UIApplicationSupportsIndirectInputEvents[sdk=iphonesimulator*]" = YES;
				"INFOPLIST_KEY_UILaunchScreen_Generation[sdk=iphoneos*]" = YES;
				"INFOPLIST_KEY_UILaunchScreen_Generation[sdk=iphonesimulator*]" = YES;
				"INFOPLIST_KEY_UIStatusBarStyle[sdk=iphoneos*]" = UIStatusBarStyleDefault;
				"INFOPLIST_KEY_UIStatusBarStyle[sdk=iphonesimulator*]" = UIStatusBarStyleDefault;
				INFOPLIST_KEY_UISupportedInterfaceOrientations_iPad = "UIInterfaceOrientationPortrait UIInterfaceOrientationPortraitUpsideDown UIInterfaceOrientationLandscapeLeft UIInterfaceOrientationLandscapeRight";
				INFOPLIST_KEY_UISupportedInterfaceOrientations_iPhone = "UIInterfaceOrientationPortrait UIInterfaceOrientationLandscapeLeft UIInterfaceOrientationLandscapeRight";
				IPHONEOS_DEPLOYMENT_TARGET = 17.0;
				LD_RUNPATH_SEARCH_PATHS = "@executable_path/Frameworks";
				"LD_RUNPATH_SEARCH_PATHS[sdk=macosx*]" = "@executable_path/../Frameworks";
				MACOSX_DEPLOYMENT_TARGET = 14.0;
				MARKETING_VERSION = 1.0;
				PRODUCT_BUNDLE_IDENTIFIER = "Masse-Brian.RectangularBackgroundDemo";
				PRODUCT_NAME = "$(TARGET_NAME)";
				SDKROOT = auto;
				SUPPORTED_PLATFORMS = "iphoneos iphonesimulator macosx";
				SWIFT_EMIT_LOC_STRINGS = YES;
				SWIFT_VERSION = 5.0;
				TARGETED_DEVICE_FAMILY = "1,2";
			};
			name = Debug;
		};
		C9559B652B51F00F00AF00F5 /* Release */ = {
			isa = XCBuildConfiguration;
			buildSettings = {
				ASSETCATALOG_COMPILER_APPICON_NAME = AppIcon;
				ASSETCATALOG_COMPILER_GLOBAL_ACCENT_COLOR_NAME = AccentColor;
				CODE_SIGN_ENTITLEMENTS = RectangularBackgroundDemo/RectangularBackgroundDemo.entitlements;
				CODE_SIGN_STYLE = Automatic;
				CURRENT_PROJECT_VERSION = 1;
				DEVELOPMENT_ASSET_PATHS = "\"RectangularBackgroundDemo/Preview Content\"";
				DEVELOPMENT_TEAM = LN4JU8GNV7;
				ENABLE_HARDENED_RUNTIME = YES;
				ENABLE_PREVIEWS = YES;
				GENERATE_INFOPLIST_FILE = YES;
				"INFOPLIST_KEY_UIApplicationSceneManifest_Generation[sdk=iphoneos*]" = YES;
				"INFOPLIST_KEY_UIApplicationSceneManifest_Generation[sdk=iphonesimulator*]" = YES;
				"INFOPLIST_KEY_UIApplicationSupportsIndirectInputEvents[sdk=iphoneos*]" = YES;
				"INFOPLIST_KEY_UIApplicationSupportsIndirectInputEvents[sdk=iphonesimulator*]" = YES;
				"INFOPLIST_KEY_UILaunchScreen_Generation[sdk=iphoneos*]" = YES;
				"INFOPLIST_KEY_UILaunchScreen_Generation[sdk=iphonesimulator*]" = YES;
				"INFOPLIST_KEY_UIStatusBarStyle[sdk=iphoneos*]" = UIStatusBarStyleDefault;
				"INFOPLIST_KEY_UIStatusBarStyle[sdk=iphonesimulator*]" = UIStatusBarStyleDefault;
				INFOPLIST_KEY_UISupportedInterfaceOrientations_iPad = "UIInterfaceOrientationPortrait UIInterfaceOrientationPortraitUpsideDown UIInterfaceOrientationLandscapeLeft UIInterfaceOrientationLandscapeRight";
				INFOPLIST_KEY_UISupportedInterfaceOrientations_iPhone = "UIInterfaceOrientationPortrait UIInterfaceOrientationLandscapeLeft UIInterfaceOrientationLandscapeRight";
				IPHONEOS_DEPLOYMENT_TARGET = 17.0;
				LD_RUNPATH_SEARCH_PATHS = "@executable_path/Frameworks";
				"LD_RUNPATH_SEARCH_PATHS[sdk=macosx*]" = "@executable_path/../Frameworks";
				MACOSX_DEPLOYMENT_TARGET = 14.0;
				MARKETING_VERSION = 1.0;
				PRODUCT_BUNDLE_IDENTIFIER = "Masse-Brian.RectangularBackgroundDemo";
				PRODUCT_NAME = "$(TARGET_NAME)";
				SDKROOT = auto;
				SUPPORTED_PLATFORMS = "iphoneos iphonesimulator macosx";
				SWIFT_EMIT_LOC_STRINGS = YES;
				SWIFT_VERSION = 5.0;
				TARGETED_DEVICE_FAMILY = "1,2";
			};
			name = Release;
		};
		C9559B672B51F00F00AF00F5 /* Debug */ = {
			isa = XCBuildConfiguration;
			buildSettings = {
				ALWAYS_EMBED_SWIFT_STANDARD_LIBRARIES = YES;
				BUNDLE_LOADER = "$(TEST_HOST)";
				CODE_SIGN_STYLE = Automatic;
				CURRENT_PROJECT_VERSION = 1;
				DEVELOPMENT_TEAM = LN4JU8GNV7;
				GENERATE_INFOPLIST_FILE = YES;
				IPHONEOS_DEPLOYMENT_TARGET = 17.0;
				MACOSX_DEPLOYMENT_TARGET = 14.0;
				MARKETING_VERSION = 1.0;
				PRODUCT_BUNDLE_IDENTIFIER = "Masse-Brian.RectangularBackgroundDemoTests";
				PRODUCT_NAME = "$(TARGET_NAME)";
				SDKROOT = auto;
				SUPPORTED_PLATFORMS = "iphoneos iphonesimulator macosx";
				SWIFT_EMIT_LOC_STRINGS = NO;
				SWIFT_VERSION = 5.0;
				TARGETED_DEVICE_FAMILY = "1,2";
				TEST_HOST = "$(BUILT_PRODUCTS_DIR)/RectangularBackgroundDemo.app/$(BUNDLE_EXECUTABLE_FOLDER_PATH)/RectangularBackgroundDemo";
			};
			name = Debug;
		};
		C9559B682B51F00F00AF00F5 /* Release */ = {
			isa = XCBuildConfiguration;
			buildSettings = {
				ALWAYS_EMBED_SWIFT_STANDARD_LIBRARIES = YES;
				BUNDLE_LOADER = "$(TEST_HOST)";
				CODE_SIGN_STYLE = Automatic;
				CURRENT_PROJECT_VERSION = 1;
				DEVELOPMENT_TEAM = LN4JU8GNV7;
				GENERATE_INFOPLIST_FILE = YES;
				IPHONEOS_DEPLOYMENT_TARGET = 17.0;
				MACOSX_DEPLOYMENT_TARGET = 14.0;
				MARKETING_VERSION = 1.0;
				PRODUCT_BUNDLE_IDENTIFIER = "Masse-Brian.RectangularBackgroundDemoTests";
				PRODUCT_NAME = "$(TARGET_NAME)";
				SDKROOT = auto;
				SUPPORTED_PLATFORMS = "iphoneos iphonesimulator macosx";
				SWIFT_EMIT_LOC_STRINGS = NO;
				SWIFT_VERSION = 5.0;
				TARGETED_DEVICE_FAMILY = "1,2";
				TEST_HOST = "$(BUILT_PRODUCTS_DIR)/RectangularBackgroundDemo.app/$(BUNDLE_EXECUTABLE_FOLDER_PATH)/RectangularBackgroundDemo";
			};
			name = Release;
		};
		C9559B6A2B51F00F00AF00F5 /* Debug */ = {
			isa = XCBuildConfiguration;
			buildSettings = {
				ALWAYS_EMBED_SWIFT_STANDARD_LIBRARIES = YES;
				CODE_SIGN_STYLE = Automatic;
				CURRENT_PROJECT_VERSION = 1;
				DEVELOPMENT_TEAM = LN4JU8GNV7;
				GENERATE_INFOPLIST_FILE = YES;
				IPHONEOS_DEPLOYMENT_TARGET = 17.0;
				MACOSX_DEPLOYMENT_TARGET = 14.0;
				MARKETING_VERSION = 1.0;
				PRODUCT_BUNDLE_IDENTIFIER = "Masse-Brian.RectangularBackgroundDemoUITests";
				PRODUCT_NAME = "$(TARGET_NAME)";
				SDKROOT = auto;
				SUPPORTED_PLATFORMS = "iphoneos iphonesimulator macosx";
				SWIFT_EMIT_LOC_STRINGS = NO;
				SWIFT_VERSION = 5.0;
				TARGETED_DEVICE_FAMILY = "1,2";
				TEST_TARGET_NAME = RectangularBackgroundDemo;
			};
			name = Debug;
		};
		C9559B6B2B51F00F00AF00F5 /* Release */ = {
			isa = XCBuildConfiguration;
			buildSettings = {
				ALWAYS_EMBED_SWIFT_STANDARD_LIBRARIES = YES;
				CODE_SIGN_STYLE = Automatic;
				CURRENT_PROJECT_VERSION = 1;
				DEVELOPMENT_TEAM = LN4JU8GNV7;
				GENERATE_INFOPLIST_FILE = YES;
				IPHONEOS_DEPLOYMENT_TARGET = 17.0;
				MACOSX_DEPLOYMENT_TARGET = 14.0;
				MARKETING_VERSION = 1.0;
				PRODUCT_BUNDLE_IDENTIFIER = "Masse-Brian.RectangularBackgroundDemoUITests";
				PRODUCT_NAME = "$(TARGET_NAME)";
				SDKROOT = auto;
				SUPPORTED_PLATFORMS = "iphoneos iphonesimulator macosx";
				SWIFT_EMIT_LOC_STRINGS = NO;
				SWIFT_VERSION = 5.0;
				TARGETED_DEVICE_FAMILY = "1,2";
				TEST_TARGET_NAME = RectangularBackgroundDemo;
			};
			name = Release;
		};
/* End XCBuildConfiguration section */

/* Begin XCConfigurationList section */
		C9559B392B51F00800AF00F5 /* Build configuration list for PBXProject "RectangularBackgroundDemo" */ = {
			isa = XCConfigurationList;
			buildConfigurations = (
				C9559B612B51F00F00AF00F5 /* Debug */,
				C9559B622B51F00F00AF00F5 /* Release */,
			);
			defaultConfigurationIsVisible = 0;
			defaultConfigurationName = Release;
		};
		C9559B632B51F00F00AF00F5 /* Build configuration list for PBXNativeTarget "RectangularBackgroundDemo" */ = {
			isa = XCConfigurationList;
			buildConfigurations = (
				C9559B642B51F00F00AF00F5 /* Debug */,
				C9559B652B51F00F00AF00F5 /* Release */,
			);
			defaultConfigurationIsVisible = 0;
			defaultConfigurationName = Release;
		};
		C9559B662B51F00F00AF00F5 /* Build configuration list for PBXNativeTarget "RectangularBackgroundDemoTests" */ = {
			isa = XCConfigurationList;
			buildConfigurations = (
				C9559B672B51F00F00AF00F5 /* Debug */,
				C9559B682B51F00F00AF00F5 /* Release */,
			);
			defaultConfigurationIsVisible = 0;
			defaultConfigurationName = Release;
		};
		C9559B692B51F00F00AF00F5 /* Build configuration list for PBXNativeTarget "RectangularBackgroundDemoUITests" */ = {
			isa = XCConfigurationList;
			buildConfigurations = (
				C9559B6A2B51F00F00AF00F5 /* Debug */,
				C9559B6B2B51F00F00AF00F5 /* Release */,
			);
			defaultConfigurationIsVisible = 0;
			defaultConfigurationName = Release;
		};
/* End XCConfigurationList section */
	};
	rootObject = C9559B362B51F00800AF00F5 /* Project object */;
}
